// !$*UTF8*$!
{
	archiveVersion = 1;
	classes = {
	};
	objectVersion = 50;
	objects = {

/* Begin PBXBuildFile section */
		5B81274425A69E7000E7782D /* Secrets.plist in Resources */ = {isa = PBXBuildFile; fileRef = 5B81274325A69E6E00E7782D /* Secrets.plist */; };
		5B81274725A69E9600E7782D /* Constants.swift in Sources */ = {isa = PBXBuildFile; fileRef = 5B81274625A69E9600E7782D /* Constants.swift */; };
		5B81274B25A69F0A00E7782D /* URL+Extensions.swift in Sources */ = {isa = PBXBuildFile; fileRef = 5B81274A25A69F0A00E7782D /* URL+Extensions.swift */; };
		5B81274F25A69F9C00E7782D /* HTTPClient.swift in Sources */ = {isa = PBXBuildFile; fileRef = 5B81274E25A69F9C00E7782D /* HTTPClient.swift */; };
		5B81275625A6A17300E7782D /* MovieListViewModel.swift in Sources */ = {isa = PBXBuildFile; fileRef = 5B81275525A6A17300E7782D /* MovieListViewModel.swift */; };
		5BF68B7C25A697D3007E3514 /* MovieApp.swift in Sources */ = {isa = PBXBuildFile; fileRef = 5BF68B7B25A697D3007E3514 /* MovieApp.swift */; };
		5BF68B7E25A697D3007E3514 /* ContentView.swift in Sources */ = {isa = PBXBuildFile; fileRef = 5BF68B7D25A697D3007E3514 /* ContentView.swift */; };
		5BF68B8025A697DB007E3514 /* Assets.xcassets in Resources */ = {isa = PBXBuildFile; fileRef = 5BF68B7F25A697DB007E3514 /* Assets.xcassets */; };
		5BF68B8325A697DB007E3514 /* Preview Assets.xcassets in Resources */ = {isa = PBXBuildFile; fileRef = 5BF68B8225A697DB007E3514 /* Preview Assets.xcassets */; };
		5BF68B8E25A69AF7007E3514 /* Movie.swift in Sources */ = {isa = PBXBuildFile; fileRef = 5BF68B8D25A69AF7007E3514 /* Movie.swift */; };
		5BF68B9225A69C66007E3514 /* MovieViewModel.swift in Sources */ = {isa = PBXBuildFile; fileRef = 5BF68B9125A69C66007E3514 /* MovieViewModel.swift */; };
/* End PBXBuildFile section */

/* Begin PBXFileReference section */
		5B81274325A69E6E00E7782D /* Secrets.plist */ = {isa = PBXFileReference; fileEncoding = 4; lastKnownFileType = text.plist.xml; path = Secrets.plist; sourceTree = "<group>"; };
		5B81274625A69E9600E7782D /* Constants.swift */ = {isa = PBXFileReference; lastKnownFileType = sourcecode.swift; path = Constants.swift; sourceTree = "<group>"; };
		5B81274A25A69F0A00E7782D /* URL+Extensions.swift */ = {isa = PBXFileReference; lastKnownFileType = sourcecode.swift; path = "URL+Extensions.swift"; sourceTree = "<group>"; };
		5B81274E25A69F9C00E7782D /* HTTPClient.swift */ = {isa = PBXFileReference; lastKnownFileType = sourcecode.swift; path = HTTPClient.swift; sourceTree = "<group>"; };
		5B81275525A6A17300E7782D /* MovieListViewModel.swift */ = {isa = PBXFileReference; lastKnownFileType = sourcecode.swift; path = MovieListViewModel.swift; sourceTree = "<group>"; };
		5BF68B7825A697D1007E3514 /* Movie.app */ = {isa = PBXFileReference; explicitFileType = wrapper.application; includeInIndex = 0; path = Movie.app; sourceTree = BUILT_PRODUCTS_DIR; };
		5BF68B7B25A697D3007E3514 /* MovieApp.swift */ = {isa = PBXFileReference; lastKnownFileType = sourcecode.swift; path = MovieApp.swift; sourceTree = "<group>"; };
		5BF68B7D25A697D3007E3514 /* ContentView.swift */ = {isa = PBXFileReference; lastKnownFileType = sourcecode.swift; path = ContentView.swift; sourceTree = "<group>"; };
		5BF68B7F25A697DB007E3514 /* Assets.xcassets */ = {isa = PBXFileReference; lastKnownFileType = folder.assetcatalog; path = Assets.xcassets; sourceTree = "<group>"; };
		5BF68B8225A697DB007E3514 /* Preview Assets.xcassets */ = {isa = PBXFileReference; lastKnownFileType = folder.assetcatalog; path = "Preview Assets.xcassets"; sourceTree = "<group>"; };
		5BF68B8425A697DB007E3514 /* Info.plist */ = {isa = PBXFileReference; lastKnownFileType = text.plist.xml; path = Info.plist; sourceTree = "<group>"; };
		5BF68B8D25A69AF7007E3514 /* Movie.swift */ = {isa = PBXFileReference; lastKnownFileType = sourcecode.swift; path = Movie.swift; sourceTree = "<group>"; };
		5BF68B9125A69C66007E3514 /* MovieViewModel.swift */ = {isa = PBXFileReference; lastKnownFileType = sourcecode.swift; path = MovieViewModel.swift; sourceTree = "<group>"; };
/* End PBXFileReference section */

/* Begin PBXFrameworksBuildPhase section */
		5BF68B7525A697D1007E3514 /* Frameworks */ = {
			isa = PBXFrameworksBuildPhase;
			buildActionMask = 2147483647;
			files = (
			);
			runOnlyForDeploymentPostprocessing = 0;
		};
/* End PBXFrameworksBuildPhase section */

/* Begin PBXGroup section */
		5B81273E25A69DF500E7782D /* Utils */ = {
			isa = PBXGroup;
			children = (
				5B81274325A69E6E00E7782D /* Secrets.plist */,
				5B81274625A69E9600E7782D /* Constants.swift */,
			);
			path = Utils;
			sourceTree = "<group>";
		};
		5B81274925A69EE200E7782D /* Extensions */ = {
			isa = PBXGroup;
			children = (
				5B81274A25A69F0A00E7782D /* URL+Extensions.swift */,
			);
			path = Extensions;
			sourceTree = "<group>";
		};
		5B81274D25A69F8900E7782D /* Services */ = {
			isa = PBXGroup;
			children = (
				5B81274E25A69F9C00E7782D /* HTTPClient.swift */,
			);
			path = Services;
			sourceTree = "<group>";
		};
		5BF68B6F25A697D1007E3514 = {
			isa = PBXGroup;
			children = (
				5BF68B7A25A697D3007E3514 /* Movie */,
				5BF68B7925A697D1007E3514 /* Products */,
			);
			sourceTree = "<group>";
		};
		5BF68B7925A697D1007E3514 /* Products */ = {
			isa = PBXGroup;
			children = (
				5BF68B7825A697D1007E3514 /* Movie.app */,
			);
			name = Products;
			sourceTree = "<group>";
		};
		5BF68B7A25A697D3007E3514 /* Movie */ = {
			isa = PBXGroup;
			children = (
				5B81274D25A69F8900E7782D /* Services */,
				5B81274925A69EE200E7782D /* Extensions */,
				5B81273E25A69DF500E7782D /* Utils */,
				5BF68B9025A69C51007E3514 /* View Models */,
				5BF68B8C25A69ADB007E3514 /* Models */,
				5BF68B7B25A697D3007E3514 /* MovieApp.swift */,
				5BF68B7D25A697D3007E3514 /* ContentView.swift */,
				5BF68B7F25A697DB007E3514 /* Assets.xcassets */,
				5BF68B8425A697DB007E3514 /* Info.plist */,
				5BF68B8125A697DB007E3514 /* Preview Content */,
			);
			path = Movie;
			sourceTree = "<group>";
		};
		5BF68B8125A697DB007E3514 /* Preview Content */ = {
			isa = PBXGroup;
			children = (
				5BF68B8225A697DB007E3514 /* Preview Assets.xcassets */,
			);
			path = "Preview Content";
			sourceTree = "<group>";
		};
		5BF68B8C25A69ADB007E3514 /* Models */ = {
			isa = PBXGroup;
			children = (
				5BF68B8D25A69AF7007E3514 /* Movie.swift */,
			);
			path = Models;
			sourceTree = "<group>";
		};
		5BF68B9025A69C51007E3514 /* View Models */ = {
			isa = PBXGroup;
			children = (
				5BF68B9125A69C66007E3514 /* MovieViewModel.swift */,
				5B81275525A6A17300E7782D /* MovieListViewModel.swift */,
			);
			path = "View Models";
			sourceTree = "<group>";
		};
/* End PBXGroup section */

/* Begin PBXNativeTarget section */
		5BF68B7725A697D1007E3514 /* Movie */ = {
			isa = PBXNativeTarget;
			buildConfigurationList = 5BF68B8725A697DB007E3514 /* Build configuration list for PBXNativeTarget "Movie" */;
			buildPhases = (
				5BF68B7425A697D1007E3514 /* Sources */,
				5BF68B7525A697D1007E3514 /* Frameworks */,
				5BF68B7625A697D1007E3514 /* Resources */,
			);
			buildRules = (
			);
			dependencies = (
			);
			name = Movie;
			productName = Movie;
			productReference = 5BF68B7825A697D1007E3514 /* Movie.app */;
			productType = "com.apple.product-type.application";
		};
/* End PBXNativeTarget section */

/* Begin PBXProject section */
		5BF68B7025A697D1007E3514 /* Project object */ = {
			isa = PBXProject;
			attributes = {
				LastSwiftUpdateCheck = 1230;
				LastUpgradeCheck = 1230;
				TargetAttributes = {
					5BF68B7725A697D1007E3514 = {
						CreatedOnToolsVersion = 12.3;
					};
				};
			};
			buildConfigurationList = 5BF68B7325A697D1007E3514 /* Build configuration list for PBXProject "Movie" */;
			compatibilityVersion = "Xcode 9.3";
			developmentRegion = en;
			hasScannedForEncodings = 0;
			knownRegions = (
				en,
				Base,
			);
			mainGroup = 5BF68B6F25A697D1007E3514;
			productRefGroup = 5BF68B7925A697D1007E3514 /* Products */;
			projectDirPath = "";
			projectRoot = "";
			targets = (
				5BF68B7725A697D1007E3514 /* Movie */,
			);
		};
/* End PBXProject section */

/* Begin PBXResourcesBuildPhase section */
		5BF68B7625A697D1007E3514 /* Resources */ = {
			isa = PBXResourcesBuildPhase;
			buildActionMask = 2147483647;
			files = (
				5BF68B8325A697DB007E3514 /* Preview Assets.xcassets in Resources */,
				5B81274425A69E7000E7782D /* Secrets.plist in Resources */,
				5BF68B8025A697DB007E3514 /* Assets.xcassets in Resources */,
			);
			runOnlyForDeploymentPostprocessing = 0;
		};
/* End PBXResourcesBuildPhase section */

/* Begin PBXSourcesBuildPhase section */
		5BF68B7425A697D1007E3514 /* Sources */ = {
			isa = PBXSourcesBuildPhase;
			buildActionMask = 2147483647;
			files = (
				5B81274725A69E9600E7782D /* Constants.swift in Sources */,
				5B81274B25A69F0A00E7782D /* URL+Extensions.swift in Sources */,
				5BF68B7E25A697D3007E3514 /* ContentView.swift in Sources */,
				5B81275625A6A17300E7782D /* MovieListViewModel.swift in Sources */,
				5B81274F25A69F9C00E7782D /* HTTPClient.swift in Sources */,
				5BF68B7C25A697D3007E3514 /* MovieApp.swift in Sources */,
				5BF68B8E25A69AF7007E3514 /* Movie.swift in Sources */,
				5BF68B9225A69C66007E3514 /* MovieViewModel.swift in Sources */,
			);
			runOnlyForDeploymentPostprocessing = 0;
		};
/* End PBXSourcesBuildPhase section */

/* Begin XCBuildConfiguration section */
		5BF68B8525A697DB007E3514 /* Debug */ = {
			isa = XCBuildConfiguration;
			buildSettings = {
				ALWAYS_SEARCH_USER_PATHS = NO;
				CLANG_ANALYZER_NONNULL = YES;
				CLANG_ANALYZER_NUMBER_OBJECT_CONVERSION = YES_AGGRESSIVE;
				CLANG_CXX_LANGUAGE_STANDARD = "gnu++14";
				CLANG_CXX_LIBRARY = "libc++";
				CLANG_ENABLE_MODULES = YES;
				CLANG_ENABLE_OBJC_ARC = YES;
				CLANG_ENABLE_OBJC_WEAK = YES;
				CLANG_WARN_BLOCK_CAPTURE_AUTORELEASING = YES;
				CLANG_WARN_BOOL_CONVERSION = YES;
				CLANG_WARN_COMMA = YES;
				CLANG_WARN_CONSTANT_CONVERSION = YES;
				CLANG_WARN_DEPRECATED_OBJC_IMPLEMENTATIONS = YES;
				CLANG_WARN_DIRECT_OBJC_ISA_USAGE = YES_ERROR;
				CLANG_WARN_DOCUMENTATION_COMMENTS = YES;
				CLANG_WARN_EMPTY_BODY = YES;
				CLANG_WARN_ENUM_CONVERSION = YES;
				CLANG_WARN_INFINITE_RECURSION = YES;
				CLANG_WARN_INT_CONVERSION = YES;
				CLANG_WARN_NON_LITERAL_NULL_CONVERSION = YES;
				CLANG_WARN_OBJC_IMPLICIT_RETAIN_SELF = YES;
				CLANG_WARN_OBJC_LITERAL_CONVERSION = YES;
				CLANG_WARN_OBJC_ROOT_CLASS = YES_ERROR;
				CLANG_WARN_QUOTED_INCLUDE_IN_FRAMEWORK_HEADER = YES;
				CLANG_WARN_RANGE_LOOP_ANALYSIS = YES;
				CLANG_WARN_STRICT_PROTOTYPES = YES;
				CLANG_WARN_SUSPICIOUS_MOVE = YES;
				CLANG_WARN_UNGUARDED_AVAILABILITY = YES_AGGRESSIVE;
				CLANG_WARN_UNREACHABLE_CODE = YES;
				CLANG_WARN__DUPLICATE_METHOD_MATCH = YES;
				COPY_PHASE_STRIP = NO;
				DEBUG_INFORMATION_FORMAT = dwarf;
				ENABLE_STRICT_OBJC_MSGSEND = YES;
				ENABLE_TESTABILITY = YES;
				GCC_C_LANGUAGE_STANDARD = gnu11;
				GCC_DYNAMIC_NO_PIC = NO;
				GCC_NO_COMMON_BLOCKS = YES;
				GCC_OPTIMIZATION_LEVEL = 0;
				GCC_PREPROCESSOR_DEFINITIONS = (
					"DEBUG=1",
					"$(inherited)",
				);
				GCC_WARN_64_TO_32_BIT_CONVERSION = YES;
				GCC_WARN_ABOUT_RETURN_TYPE = YES_ERROR;
				GCC_WARN_UNDECLARED_SELECTOR = YES;
				GCC_WARN_UNINITIALIZED_AUTOS = YES_AGGRESSIVE;
				GCC_WARN_UNUSED_FUNCTION = YES;
				GCC_WARN_UNUSED_VARIABLE = YES;
				IPHONEOS_DEPLOYMENT_TARGET = 14.3;
				MTL_ENABLE_DEBUG_INFO = INCLUDE_SOURCE;
				MTL_FAST_MATH = YES;
				ONLY_ACTIVE_ARCH = YES;
				SDKROOT = iphoneos;
				SWIFT_ACTIVE_COMPILATION_CONDITIONS = DEBUG;
				SWIFT_OPTIMIZATION_LEVEL = "-Onone";
			};
			name = Debug;
		};
		5BF68B8625A697DB007E3514 /* Release */ = {
			isa = XCBuildConfiguration;
			buildSettings = {
				ALWAYS_SEARCH_USER_PATHS = NO;
				CLANG_ANALYZER_NONNULL = YES;
				CLANG_ANALYZER_NUMBER_OBJECT_CONVERSION = YES_AGGRESSIVE;
				CLANG_CXX_LANGUAGE_STANDARD = "gnu++14";
				CLANG_CXX_LIBRARY = "libc++";
				CLANG_ENABLE_MODULES = YES;
				CLANG_ENABLE_OBJC_ARC = YES;
				CLANG_ENABLE_OBJC_WEAK = YES;
				CLANG_WARN_BLOCK_CAPTURE_AUTORELEASING = YES;
				CLANG_WARN_BOOL_CONVERSION = YES;
				CLANG_WARN_COMMA = YES;
				CLANG_WARN_CONSTANT_CONVERSION = YES;
				CLANG_WARN_DEPRECATED_OBJC_IMPLEMENTATIONS = YES;
				CLANG_WARN_DIRECT_OBJC_ISA_USAGE = YES_ERROR;
				CLANG_WARN_DOCUMENTATION_COMMENTS = YES;
				CLANG_WARN_EMPTY_BODY = YES;
				CLANG_WARN_ENUM_CONVERSION = YES;
				CLANG_WARN_INFINITE_RECURSION = YES;
				CLANG_WARN_INT_CONVERSION = YES;
				CLANG_WARN_NON_LITERAL_NULL_CONVERSION = YES;
				CLANG_WARN_OBJC_IMPLICIT_RETAIN_SELF = YES;
				CLANG_WARN_OBJC_LITERAL_CONVERSION = YES;
				CLANG_WARN_OBJC_ROOT_CLASS = YES_ERROR;
				CLANG_WARN_QUOTED_INCLUDE_IN_FRAMEWORK_HEADER = YES;
				CLANG_WARN_RANGE_LOOP_ANALYSIS = YES;
				CLANG_WARN_STRICT_PROTOTYPES = YES;
				CLANG_WARN_SUSPICIOUS_MOVE = YES;
				CLANG_WARN_UNGUARDED_AVAILABILITY = YES_AGGRESSIVE;
				CLANG_WARN_UNREACHABLE_CODE = YES;
				CLANG_WARN__DUPLICATE_METHOD_MATCH = YES;
				COPY_PHASE_STRIP = NO;
				DEBUG_INFORMATION_FORMAT = "dwarf-with-dsym";
				ENABLE_NS_ASSERTIONS = NO;
				ENABLE_STRICT_OBJC_MSGSEND = YES;
				GCC_C_LANGUAGE_STANDARD = gnu11;
				GCC_NO_COMMON_BLOCKS = YES;
				GCC_WARN_64_TO_32_BIT_CONVERSION = YES;
				GCC_WARN_ABOUT_RETURN_TYPE = YES_ERROR;
				GCC_WARN_UNDECLARED_SELECTOR = YES;
				GCC_WARN_UNINITIALIZED_AUTOS = YES_AGGRESSIVE;
				GCC_WARN_UNUSED_FUNCTION = YES;
				GCC_WARN_UNUSED_VARIABLE = YES;
				IPHONEOS_DEPLOYMENT_TARGET = 14.3;
				MTL_ENABLE_DEBUG_INFO = NO;
				MTL_FAST_MATH = YES;
				SDKROOT = iphoneos;
				SWIFT_COMPILATION_MODE = wholemodule;
				SWIFT_OPTIMIZATION_LEVEL = "-O";
				VALIDATE_PRODUCT = YES;
			};
			name = Release;
		};
		5BF68B8825A697DB007E3514 /* Debug */ = {
			isa = XCBuildConfiguration;
			buildSettings = {
				ASSETCATALOG_COMPILER_APPICON_NAME = AppIcon;
				ASSETCATALOG_COMPILER_GLOBAL_ACCENT_COLOR_NAME = AccentColor;
				CODE_SIGN_STYLE = Automatic;
				DEVELOPMENT_ASSET_PATHS = "\"Movie/Preview Content\"";
				DEVELOPMENT_TEAM = J5JDFRK25N;
				ENABLE_PREVIEWS = YES;
				INFOPLIST_FILE = Movie/Info.plist;
				IPHONEOS_DEPLOYMENT_TARGET = 14.0;
				LD_RUNPATH_SEARCH_PATHS = (
					"$(inherited)",
					"@executable_path/Frameworks",
				);
				PRODUCT_BUNDLE_IDENTIFIER = com.FPS.Movie;
				PRODUCT_NAME = "$(TARGET_NAME)";
				SWIFT_VERSION = 5.0;
				TARGETED_DEVICE_FAMILY = "1,2";
			};
			name = Debug;
		};
		5BF68B8925A697DB007E3514 /* Release */ = {
			isa = XCBuildConfiguration;
			buildSettings = {
				ASSETCATALOG_COMPILER_APPICON_NAME = AppIcon;
				ASSETCATALOG_COMPILER_GLOBAL_ACCENT_COLOR_NAME = AccentColor;
				CODE_SIGN_STYLE = Automatic;
				DEVELOPMENT_ASSET_PATHS = "\"Movie/Preview Content\"";
				DEVELOPMENT_TEAM = J5JDFRK25N;
				ENABLE_PREVIEWS = YES;
				INFOPLIST_FILE = Movie/Info.plist;
				IPHONEOS_DEPLOYMENT_TARGET = 14.0;
				LD_RUNPATH_SEARCH_PATHS = (
					"$(inherited)",
					"@executable_path/Frameworks",
				);
				PRODUCT_BUNDLE_IDENTIFIER = com.FPS.Movie;
				PRODUCT_NAME = "$(TARGET_NAME)";
				SWIFT_VERSION = 5.0;
				TARGETED_DEVICE_FAMILY = "1,2";
			};
			name = Release;
		};
/* End XCBuildConfiguration section */

/* Begin XCConfigurationList section */
		5BF68B7325A697D1007E3514 /* Build configuration list for PBXProject "Movie" */ = {
			isa = XCConfigurationList;
			buildConfigurations = (
				5BF68B8525A697DB007E3514 /* Debug */,
				5BF68B8625A697DB007E3514 /* Release */,
			);
			defaultConfigurationIsVisible = 0;
			defaultConfigurationName = Release;
		};
		5BF68B8725A697DB007E3514 /* Build configuration list for PBXNativeTarget "Movie" */ = {
			isa = XCConfigurationList;
			buildConfigurations = (
				5BF68B8825A697DB007E3514 /* Debug */,
				5BF68B8925A697DB007E3514 /* Release */,
			);
			defaultConfigurationIsVisible = 0;
			defaultConfigurationName = Release;
		};
/* End XCConfigurationList section */
	};
	rootObject = 5BF68B7025A697D1007E3514 /* Project object */;
}
